
Microsoft Visual Studio Solution File, Format Version 12.00
# Visual Studio Version 17
VisualStudioVersion = 17.13.35825.156
MinimumVisualStudioVersion = 10.0.40219.1
Project("{FAE04EC0-301F-11D3-BF4B-00C04F79EFBC}") = "Tim4_Bakeexpire", "Tim4_Bakeexpire\Tim4_Bakeexpire.csproj", "{CDDD9E7E-BDB7-4801-88D3-C281E5BFCFD9}"
EndProject
Project("{54435603-DBB4-11D2-8724-00A0C9A8B90C}") = "Tim4_BakeExpire_Setup", "Tim4_BakeExpire_Setup\Tim4_BakeExpire_Setup.vdproj", "{50DE044E-E37D-7054-9123-D2D8076B0938}"
EndProject
Global
	GlobalSection(SolutionConfigurationPlatforms) = preSolution
		Debug|Any CPU = Debug|Any CPU
		Debug|ARM64 = Debug|ARM64
		Debug|x64 = Debug|x64
		Debug|x86 = Debug|x86
		Release|Any CPU = Release|Any CPU
		Release|ARM64 = Release|ARM64
		Release|x64 = Release|x64
		Release|x86 = Release|x86
	EndGlobalSection
	GlobalSection(ProjectConfigurationPlatforms) = postSolution
		{CDDD9E7E-BDB7-4801-88D3-C281E5BFCFD9}.Debug|Any CPU.ActiveCfg = Debug|Any CPU
		{CDDD9E7E-BDB7-4801-88D3-C281E5BFCFD9}.Debug|Any CPU.Build.0 = Debug|Any CPU
		{CDDD9E7E-BDB7-4801-88D3-C281E5BFCFD9}.Debug|ARM64.ActiveCfg = Debug|ARM64
		{CDDD9E7E-BDB7-4801-88D3-C281E5BFCFD9}.Debug|ARM64.Build.0 = Debug|ARM64
		{CDDD9E7E-BDB7-4801-88D3-C281E5BFCFD9}.Debug|x64.ActiveCfg = Debug|x64
		{CDDD9E7E-BDB7-4801-88D3-C281E5BFCFD9}.Debug|x64.Build.0 = Debug|x64
		{CDDD9E7E-BDB7-4801-88D3-C281E5BFCFD9}.Debug|x86.ActiveCfg = Debug|x86
		{CDDD9E7E-BDB7-4801-88D3-C281E5BFCFD9}.Debug|x86.Build.0 = Debug|x86
		{CDDD9E7E-BDB7-4801-88D3-C281E5BFCFD9}.Release|Any CPU.ActiveCfg = Release|Any CPU
		{CDDD9E7E-BDB7-4801-88D3-C281E5BFCFD9}.Release|Any CPU.Build.0 = Release|Any CPU
		{CDDD9E7E-BDB7-4801-88D3-C281E5BFCFD9}.Release|ARM64.ActiveCfg = Release|ARM64
		{CDDD9E7E-BDB7-4801-88D3-C281E5BFCFD9}.Release|ARM64.Build.0 = Release|ARM64
		{CDDD9E7E-BDB7-4801-88D3-C281E5BFCFD9}.Release|x64.ActiveCfg = Release|Any CPU
		{CDDD9E7E-BDB7-4801-88D3-C281E5BFCFD9}.Release|x64.Build.0 = Release|Any CPU
		{CDDD9E7E-BDB7-4801-88D3-C281E5BFCFD9}.Release|x86.ActiveCfg = Release|x86
		{CDDD9E7E-BDB7-4801-88D3-C281E5BFCFD9}.Release|x86.Build.0 = Release|x86
		{50DE044E-E37D-7054-9123-D2D8076B0938}.Debug|Any CPU.ActiveCfg = Debug
		{50DE044E-E37D-7054-9123-D2D8076B0938}.Debug|Any CPU.Build.0 = Debug
		{50DE044E-E37D-7054-9123-D2D8076B0938}.Debug|ARM64.ActiveCfg = Debug
		{50DE044E-E37D-7054-9123-D2D8076B0938}.Debug|ARM64.Build.0 = Debug
		{50DE044E-E37D-7054-9123-D2D8076B0938}.Debug|x64.ActiveCfg = Debug
		{50DE044E-E37D-7054-9123-D2D8076B0938}.Debug|x64.Build.0 = Debug
		{50DE044E-E37D-7054-9123-D2D8076B0938}.Debug|x86.ActiveCfg = Debug
		{50DE044E-E37D-7054-9123-D2D8076B0938}.Debug|x86.Build.0 = Debug
		{50DE044E-E37D-7054-9123-D2D8076B0938}.Release|Any CPU.ActiveCfg = Release
		{50DE044E-E37D-7054-9123-D2D8076B0938}.Release|Any CPU.Build.0 = Release
		{50DE044E-E37D-7054-9123-D2D8076B0938}.Release|ARM64.ActiveCfg = Release
		{50DE044E-E37D-7054-9123-D2D8076B0938}.Release|ARM64.Build.0 = Release
		{50DE044E-E37D-7054-9123-D2D8076B0938}.Release|x64.ActiveCfg = Release
		{50DE044E-E37D-7054-9123-D2D8076B0938}.Release|x64.Build.0 = Release
		{50DE044E-E37D-7054-9123-D2D8076B0938}.Release|x86.ActiveCfg = Release
		{50DE044E-E37D-7054-9123-D2D8076B0938}.Release|x86.Build.0 = Release
	EndGlobalSection
	GlobalSection(SolutionProperties) = preSolution
		HideSolutionNode = FALSE
	EndGlobalSection
	GlobalSection(ExtensibilityGlobals) = postSolution
		SolutionGuid = {386B0551-D6AC-4041-AF94-1529CB5EBF58}
	EndGlobalSection
EndGlobal
